# THIS IS AN AUTOGENERATED FILE. DO NOT EDIT THIS FILE DIRECTLY.
# yarn lockfile v1


make-promises-safe@^5.1.0:
  version "5.1.0"
  resolved "https://registry.yarnpkg.com/make-promises-safe/-/make-promises-safe-5.1.0.tgz#dd9d311f555bcaa144f12e225b3d37785f0aa8f2"
  integrity sha512-AfdZ49rtyhQR/6cqVKGoH7y4ql7XkS5HJI1lZm0/5N6CQosy1eYbBJ/qbhkKHzo17UH7M918Bysf6XB9f3kS1g==

mkdirp@^1.0.4:
  version "1.0.4"
  resolved "https://registry.yarnpkg.com/mkdirp/-/mkdirp-1.0.4.tgz#3eb5ed62622756d79a5f0e2a221dfebad75c2f7e"
  integrity sha512-vVqVZQyf3WLx2Shd0qJ9xuvqgAyKPLAiqITEtqW0oIUjzo3PePDd6fW9iFz30ef7Ysp/oiWqbhszeGWW2T6Gzw==

nan@^2.14.0:
  version "2.15.0"
  resolved "https://registry.yarnpkg.com/nan/-/nan-2.15.0.tgz#3f34a473ff18e15c1b5626b62903b5ad6e665fee"
  integrity sha512-8ZtvEnA2c5aYCZYd1cvgdnU6cqwixRoYg70xPLWUws5ORTa/lnw+u4amixRS/Ac5U5mQVgp9pnlSUnbNWFaWZQ==

node-pty@^0.10.1:
  version "0.10.1"
  resolved "https://registry.yarnpkg.com/node-pty/-/node-pty-0.10.1.tgz#cd05d03a2710315ec40221232ec04186f6ac2c6d"
  integrity sha512-JTdtUS0Im/yRsWJSx7yiW9rtpfmxqxolrtnyKwPLI+6XqTAPW/O2MjS8FYL4I5TsMbH2lVgDb2VMjp+9LoQGNg==
  dependencies:
    nan "^2.14.0"

xterm-headless@4.14.0-beta.22:
  version "4.14.0-beta.22"
  resolved "https://registry.yarnpkg.com/xterm-headless/-/xterm-headless-4.14.0-beta.22.tgz#72bdfc85aa9a52d57763adb4a270864a42c3ae31"
  integrity sha512-lDXvdnrDXdAIE37M7B2DrTp9iN513Iwty+5OUnduttOA2Cd1vCP1hT/isSc/Dh0k0FkGB/ZrAuIB8fesaoSelQ==

xterm@4.14.0-beta.22:
  version "4.14.0-beta.22"
  resolved "https://registry.yarnpkg.com/xterm/-/xterm-4.14.0-beta.22.tgz#89e1060927f6542645f53584bfcd35cec08abe5a"
  integrity sha512-zl4d2fmjAoCB+G0O5tq2kNkoe7dnnrcY2Daj6VFPPV6nItyXrgRzlKWNfTjKYunC3kU2ApYy+FnHulO7lWuXSw==
